
Microsoft Visual Studio Solution File, Format Version 12.00
# Visual Studio Version 16
VisualStudioVersion = 16.0.31321.278
MinimumVisualStudioVersion = 10.0.40219.1
Project("{FAE04EC0-301F-11D3-BF4B-00C04F79EFBC}") = "CMSApi", "CMSApi.csproj", "{78B34E7E-C0BF-40A4-951F-4CE3FF7088F1}"
EndProject
Global
	GlobalSection(SolutionConfigurationPlatforms) = preSolution
		Debug|Any CPU = Debug|Any CPU
		Release|Any CPU = Release|Any CPU
	EndGlobalSection
	GlobalSection(ProjectConfigurationPlatforms) = postSolution
		{78B34E7E-C0BF-40A4-951F-4CE3FF7088F1}.Debug|Any CPU.ActiveCfg = Debug|Any CPU
		{78B34E7E-C0BF-40A4-951F-4CE3FF7088F1}.Debug|Any CPU.Build.0 = Debug|Any CPU
		{78B34E7E-C0BF-40A4-951F-4CE3FF7088F1}.Release|Any CPU.ActiveCfg = Release|Any CPU
		{78B34E7E-C0BF-40A4-951F-4CE3FF7088F1}.Release|Any CPU.Build.0 = Release|Any CPU
	EndGlobalSection
	GlobalSection(SolutionProperties) = preSolution
		HideSolutionNode = FALSE
	EndGlobalSection
	GlobalSection(ExtensibilityGlobals) = postSolution
		SolutionGuid = {8AF40CC5-6F12-4CC2-BE55-119DD6268624}
	EndGlobalSection
EndGlobal
